
Microsoft Visual Studio Solution File, Format Version 12.00
# Visual Studio Version 17
VisualStudioVersion = 17.8.34330.188
MinimumVisualStudioVersion = 10.0.40219.1
Project("{2150E333-8FDC-42A3-9474-1A3956D46DE8}") = "Chapter3", "Chapter3", "{411D4DA5-67D8-4E15-B5A2-BAD8D365FABF}"
EndProject
Project("{8BC9CEB8-8B4A-11D0-8D11-00A0C91BC942}") = "Project1", "Chapter3\Project1\Project1.vcxproj", "{7F58807E-5203-43A0-B027-583FC3D1D494}"
EndProject
Project("{8BC9CEB8-8B4A-11D0-8D11-00A0C91BC942}") = "Project2", "Chapter3\Project2\Project2.vcxproj", "{7C017801-658E-4154-A757-C391C5EA160E}"
EndProject
Project("{8BC9CEB8-8B4A-11D0-8D11-00A0C91BC942}") = "Project3", "Chapter3\Project3\Project3.vcxproj", "{7E33AE62-3C5B-433A-A36B-2AD1D855FA7C}"
EndProject
Project("{8BC9CEB8-8B4A-11D0-8D11-00A0C91BC942}") = "Project4", "Chapter3\Project4\Project4.vcxproj", "{743506D5-706A-40D6-AB00-D2295801B674}"
EndProject
Project("{8BC9CEB8-8B4A-11D0-8D11-00A0C91BC942}") = "Project5", "Chapter3\Project5\Project5.vcxproj", "{49032170-A3B4-4FD1-8D58-035FDA56D1F0}"
EndProject
Project("{8BC9CEB8-8B4A-11D0-8D11-00A0C91BC942}") = "Project6", "Chapter3\Project6\Project6.vcxproj", "{FE8F05F2-86A1-458D-897F-DE83C1069072}"
EndProject
Project("{2150E333-8FDC-42A3-9474-1A3956D46DE8}") = "Chapter4", "Chapter4", "{C52476D4-8550-4670-AE2E-46EF72A0E1AE}"
EndProject
Project("{8BC9CEB8-8B4A-11D0-8D11-00A0C91BC942}") = "Project1", "Chapter4\Project1\Project1.vcxproj", "{DBCBC89C-57FC-4CAA-8653-777FB3DC62C8}"
EndProject
Project("{8BC9CEB8-8B4A-11D0-8D11-00A0C91BC942}") = "Project2", "Chapter4\Project2\Project2.vcxproj", "{DF64F641-4A9A-40F6-A6FF-A9BC5ED8F4B9}"
EndProject
Global
	GlobalSection(SolutionConfigurationPlatforms) = preSolution
		Debug|x64 = Debug|x64
		Debug|x86 = Debug|x86
		Release|x64 = Release|x64
		Release|x86 = Release|x86
	EndGlobalSection
	GlobalSection(ProjectConfigurationPlatforms) = postSolution
		{7F58807E-5203-43A0-B027-583FC3D1D494}.Debug|x64.ActiveCfg = Debug|x64
		{7F58807E-5203-43A0-B027-583FC3D1D494}.Debug|x64.Build.0 = Debug|x64
		{7F58807E-5203-43A0-B027-583FC3D1D494}.Debug|x86.ActiveCfg = Debug|Win32
		{7F58807E-5203-43A0-B027-583FC3D1D494}.Debug|x86.Build.0 = Debug|Win32
		{7F58807E-5203-43A0-B027-583FC3D1D494}.Release|x64.ActiveCfg = Release|x64
		{7F58807E-5203-43A0-B027-583FC3D1D494}.Release|x64.Build.0 = Release|x64
		{7F58807E-5203-43A0-B027-583FC3D1D494}.Release|x86.ActiveCfg = Release|Win32
		{7F58807E-5203-43A0-B027-583FC3D1D494}.Release|x86.Build.0 = Release|Win32
		{7C017801-658E-4154-A757-C391C5EA160E}.Debug|x64.ActiveCfg = Debug|x64
		{7C017801-658E-4154-A757-C391C5EA160E}.Debug|x64.Build.0 = Debug|x64
		{7C017801-658E-4154-A757-C391C5EA160E}.Debug|x86.ActiveCfg = Debug|Win32
		{7C017801-658E-4154-A757-C391C5EA160E}.Debug|x86.Build.0 = Debug|Win32
		{7C017801-658E-4154-A757-C391C5EA160E}.Release|x64.ActiveCfg = Release|x64
		{7C017801-658E-4154-A757-C391C5EA160E}.Release|x64.Build.0 = Release|x64
		{7C017801-658E-4154-A757-C391C5EA160E}.Release|x86.ActiveCfg = Release|Win32
		{7C017801-658E-4154-A757-C391C5EA160E}.Release|x86.Build.0 = Release|Win32
		{7E33AE62-3C5B-433A-A36B-2AD1D855FA7C}.Debug|x64.ActiveCfg = Debug|x64
		{7E33AE62-3C5B-433A-A36B-2AD1D855FA7C}.Debug|x64.Build.0 = Debug|x64
		{7E33AE62-3C5B-433A-A36B-2AD1D855FA7C}.Debug|x86.ActiveCfg = Debug|Win32
		{7E33AE62-3C5B-433A-A36B-2AD1D855FA7C}.Debug|x86.Build.0 = Debug|Win32
		{7E33AE62-3C5B-433A-A36B-2AD1D855FA7C}.Release|x64.ActiveCfg = Release|x64
		{7E33AE62-3C5B-433A-A36B-2AD1D855FA7C}.Release|x64.Build.0 = Release|x64
		{7E33AE62-3C5B-433A-A36B-2AD1D855FA7C}.Release|x86.ActiveCfg = Release|Win32
		{7E33AE62-3C5B-433A-A36B-2AD1D855FA7C}.Release|x86.Build.0 = Release|Win32
		{743506D5-706A-40D6-AB00-D2295801B674}.Debug|x64.ActiveCfg = Debug|x64
		{743506D5-706A-40D6-AB00-D2295801B674}.Debug|x64.Build.0 = Debug|x64
		{743506D5-706A-40D6-AB00-D2295801B674}.Debug|x86.ActiveCfg = Debug|Win32
		{743506D5-706A-40D6-AB00-D2295801B674}.Debug|x86.Build.0 = Debug|Win32
		{743506D5-706A-40D6-AB00-D2295801B674}.Release|x64.ActiveCfg = Release|x64
		{743506D5-706A-40D6-AB00-D2295801B674}.Release|x64.Build.0 = Release|x64
		{743506D5-706A-40D6-AB00-D2295801B674}.Release|x86.ActiveCfg = Release|Win32
		{743506D5-706A-40D6-AB00-D2295801B674}.Release|x86.Build.0 = Release|Win32
		{49032170-A3B4-4FD1-8D58-035FDA56D1F0}.Debug|x64.ActiveCfg = Debug|x64
		{49032170-A3B4-4FD1-8D58-035FDA56D1F0}.Debug|x64.Build.0 = Debug|x64
		{49032170-A3B4-4FD1-8D58-035FDA56D1F0}.Debug|x86.ActiveCfg = Debug|Win32
		{49032170-A3B4-4FD1-8D58-035FDA56D1F0}.Debug|x86.Build.0 = Debug|Win32
		{49032170-A3B4-4FD1-8D58-035FDA56D1F0}.Release|x64.ActiveCfg = Release|x64
		{49032170-A3B4-4FD1-8D58-035FDA56D1F0}.Release|x64.Build.0 = Release|x64
		{49032170-A3B4-4FD1-8D58-035FDA56D1F0}.Release|x86.ActiveCfg = Release|Win32
		{49032170-A3B4-4FD1-8D58-035FDA56D1F0}.Release|x86.Build.0 = Release|Win32
		{FE8F05F2-86A1-458D-897F-DE83C1069072}.Debug|x64.ActiveCfg = Debug|x64
		{FE8F05F2-86A1-458D-897F-DE83C1069072}.Debug|x64.Build.0 = Debug|x64
		{FE8F05F2-86A1-458D-897F-DE83C1069072}.Debug|x86.ActiveCfg = Debug|Win32
		{FE8F05F2-86A1-458D-897F-DE83C1069072}.Debug|x86.Build.0 = Debug|Win32
		{FE8F05F2-86A1-458D-897F-DE83C1069072}.Release|x64.ActiveCfg = Release|x64
		{FE8F05F2-86A1-458D-897F-DE83C1069072}.Release|x64.Build.0 = Release|x64
		{FE8F05F2-86A1-458D-897F-DE83C1069072}.Release|x86.ActiveCfg = Release|Win32
		{FE8F05F2-86A1-458D-897F-DE83C1069072}.Release|x86.Build.0 = Release|Win32
		{DBCBC89C-57FC-4CAA-8653-777FB3DC62C8}.Debug|x64.ActiveCfg = Debug|x64
		{DBCBC89C-57FC-4CAA-8653-777FB3DC62C8}.Debug|x64.Build.0 = Debug|x64
		{DBCBC89C-57FC-4CAA-8653-777FB3DC62C8}.Debug|x86.ActiveCfg = Debug|Win32
		{DBCBC89C-57FC-4CAA-8653-777FB3DC62C8}.Debug|x86.Build.0 = Debug|Win32
		{DBCBC89C-57FC-4CAA-8653-777FB3DC62C8}.Release|x64.ActiveCfg = Release|x64
		{DBCBC89C-57FC-4CAA-8653-777FB3DC62C8}.Release|x64.Build.0 = Release|x64
		{DBCBC89C-57FC-4CAA-8653-777FB3DC62C8}.Release|x86.ActiveCfg = Release|Win32
		{DBCBC89C-57FC-4CAA-8653-777FB3DC62C8}.Release|x86.Build.0 = Release|Win32
		{DF64F641-4A9A-40F6-A6FF-A9BC5ED8F4B9}.Debug|x64.ActiveCfg = Debug|x64
		{DF64F641-4A9A-40F6-A6FF-A9BC5ED8F4B9}.Debug|x64.Build.0 = Debug|x64
		{DF64F641-4A9A-40F6-A6FF-A9BC5ED8F4B9}.Debug|x86.ActiveCfg = Debug|Win32
		{DF64F641-4A9A-40F6-A6FF-A9BC5ED8F4B9}.Debug|x86.Build.0 = Debug|Win32
		{DF64F641-4A9A-40F6-A6FF-A9BC5ED8F4B9}.Release|x64.ActiveCfg = Release|x64
		{DF64F641-4A9A-40F6-A6FF-A9BC5ED8F4B9}.Release|x64.Build.0 = Release|x64
		{DF64F641-4A9A-40F6-A6FF-A9BC5ED8F4B9}.Release|x86.ActiveCfg = Release|Win32
		{DF64F641-4A9A-40F6-A6FF-A9BC5ED8F4B9}.Release|x86.Build.0 = Release|Win32
	EndGlobalSection
	GlobalSection(SolutionProperties) = preSolution
		HideSolutionNode = FALSE
	EndGlobalSection
	GlobalSection(NestedProjects) = preSolution
		{7F58807E-5203-43A0-B027-583FC3D1D494} = {411D4DA5-67D8-4E15-B5A2-BAD8D365FABF}
		{7C017801-658E-4154-A757-C391C5EA160E} = {411D4DA5-67D8-4E15-B5A2-BAD8D365FABF}
		{7E33AE62-3C5B-433A-A36B-2AD1D855FA7C} = {411D4DA5-67D8-4E15-B5A2-BAD8D365FABF}
		{743506D5-706A-40D6-AB00-D2295801B674} = {411D4DA5-67D8-4E15-B5A2-BAD8D365FABF}
		{49032170-A3B4-4FD1-8D58-035FDA56D1F0} = {411D4DA5-67D8-4E15-B5A2-BAD8D365FABF}
		{FE8F05F2-86A1-458D-897F-DE83C1069072} = {411D4DA5-67D8-4E15-B5A2-BAD8D365FABF}
		{DBCBC89C-57FC-4CAA-8653-777FB3DC62C8} = {C52476D4-8550-4670-AE2E-46EF72A0E1AE}
		{DF64F641-4A9A-40F6-A6FF-A9BC5ED8F4B9} = {C52476D4-8550-4670-AE2E-46EF72A0E1AE}
	EndGlobalSection
	GlobalSection(ExtensibilityGlobals) = postSolution
		SolutionGuid = {F57DEFF2-E6A7-4DA4-A316-731CBB78F51B}
	EndGlobalSection
EndGlobal
