
Microsoft Visual Studio Solution File, Format Version 12.00
# Visual Studio Version 17
VisualStudioVersion = 17.8.34330.188
MinimumVisualStudioVersion = 10.0.40219.1
Project("{2150E333-8FDC-42A3-9474-1A3956D46DE8}") = "Chapter3", "Chapter3", "{411D4DA5-67D8-4E15-B5A2-BAD8D365FABF}"
EndProject
Project("{8BC9CEB8-8B4A-11D0-8D11-00A0C91BC942}") = "Project1", "Chapter3\Project1\Project1.vcxproj", "{7F58807E-5203-43A0-B027-583FC3D1D494}"
EndProject
Project("{8BC9CEB8-8B4A-11D0-8D11-00A0C91BC942}") = "Project2", "Chapter3\Project2\Project2.vcxproj", "{7C017801-658E-4154-A757-C391C5EA160E}"
EndProject
Project("{8BC9CEB8-8B4A-11D0-8D11-00A0C91BC942}") = "Project3", "Chapter3\Project3\Project3.vcxproj", "{7E33AE62-3C5B-433A-A36B-2AD1D855FA7C}"
EndProject
Project("{8BC9CEB8-8B4A-11D0-8D11-00A0C91BC942}") = "Project4", "Chapter3\Project4\Project4.vcxproj", "{743506D5-706A-40D6-AB00-D2295801B674}"
EndProject
Project("{8BC9CEB8-8B4A-11D0-8D11-00A0C91BC942}") = "Project5", "Chapter3\Project5\Project5.vcxproj", "{49032170-A3B4-4FD1-8D58-035FDA56D1F0}"
EndProject
Project("{8BC9CEB8-8B4A-11D0-8D11-00A0C91BC942}") = "Project6", "Chapter3\Project6\Project6.vcxproj", "{FE8F05F2-86A1-458D-897F-DE83C1069072}"
EndProject
Project("{2150E333-8FDC-42A3-9474-1A3956D46DE8}") = "Chapter4", "Chapter4", "{C52476D4-8550-4670-AE2E-46EF72A0E1AE}"
EndProject
Project("{8BC9CEB8-8B4A-11D0-8D11-00A0C91BC942}") = "Project1", "Chapter4\Project1\Project1.vcxproj", "{DBCBC89C-57FC-4CAA-8653-777FB3DC62C8}"
EndProject
Project("{8BC9CEB8-8B4A-11D0-8D11-00A0C91BC942}") = "Project2", "Chapter4\Project2\Project2.vcxproj", "{DF64F641-4A9A-40F6-A6FF-A9BC5ED8F4B9}"
EndProject
Project("{8BC9CEB8-8B4A-11D0-8D11-00A0C91BC942}") = "Project3", "Chapter4\Project3\Project3.vcxproj", "{6B368331-BD6B-4A29-8351-9C2CAA8BEAAA}"
EndProject
Project("{8BC9CEB8-8B4A-11D0-8D11-00A0C91BC942}") = "Project4", "Chapter4\Project4\Project4.vcxproj", "{F8C748BD-D3A6-4B55-846D-3D9D70A5EBB4}"
EndProject
Project("{8BC9CEB8-8B4A-11D0-8D11-00A0C91BC942}") = "Project5", "Chapter4\Project5\Project5.vcxproj", "{E7A57CE5-7C67-47B4-ACDE-11034D029734}"
EndProject
Project("{2150E333-8FDC-42A3-9474-1A3956D46DE8}") = "Chapter5", "Chapter5", "{BE21D97F-D6FC-47CB-8D20-5E57E0D5B2BF}"
EndProject
Project("{8BC9CEB8-8B4A-11D0-8D11-00A0C91BC942}") = "Project1", "Chapter5\Project1\Project1.vcxproj", "{BA161C56-47FC-4C78-B221-47100892AEF0}"
EndProject
Project("{8BC9CEB8-8B4A-11D0-8D11-00A0C91BC942}") = "Project2", "Chapter5\Project2\Project2.vcxproj", "{EF578CA3-3AE8-4CCA-A377-ED217F48B281}"
EndProject
Project("{8BC9CEB8-8B4A-11D0-8D11-00A0C91BC942}") = "Project3", "Chapter5\Project3\Project3.vcxproj", "{CC15A2F9-B6E8-4008-9C70-4B9281A349FA}"
EndProject
Project("{8BC9CEB8-8B4A-11D0-8D11-00A0C91BC942}") = "Project4", "Chapter5\Project4\Project4.vcxproj", "{75F0DD94-0A05-4625-8565-B8D909959FF3}"
EndProject
Project("{8BC9CEB8-8B4A-11D0-8D11-00A0C91BC942}") = "Project5", "Chapter5\Project5\Project5.vcxproj", "{1A592ADA-4367-4F9D-8140-5BBF7C08B986}"
EndProject
Project("{8BC9CEB8-8B4A-11D0-8D11-00A0C91BC942}") = "Project6", "Chapter5\Project6\Project6.vcxproj", "{4D222EA7-FC22-45D3-89F8-518FAA39D693}"
EndProject
Project("{8BC9CEB8-8B4A-11D0-8D11-00A0C91BC942}") = "Project7", "Chapter5\Project7\Project7.vcxproj", "{6A077497-C89A-4D9A-88C4-1D81F2860422}"
EndProject
Project("{8BC9CEB8-8B4A-11D0-8D11-00A0C91BC942}") = "Project8", "Chapter5\Project8\Project8.vcxproj", "{71397969-6287-466E-B989-58AF99F75BF2}"
EndProject
Project("{8BC9CEB8-8B4A-11D0-8D11-00A0C91BC942}") = "Project9", "Chapter5\Project9\Project9.vcxproj", "{840A31F5-A50D-4441-ABA8-1CD409A4D559}"
EndProject
Project("{2150E333-8FDC-42A3-9474-1A3956D46DE8}") = "Chapter6", "Chapter6", "{36AD6AFC-E6C1-461B-80C0-B969C5C535D4}"
EndProject
Project("{8BC9CEB8-8B4A-11D0-8D11-00A0C91BC942}") = "Project1", "Chapter6\Project1\Project1.vcxproj", "{A51C430C-24D9-4F34-88FB-F2481112A5F1}"
EndProject
Project("{8BC9CEB8-8B4A-11D0-8D11-00A0C91BC942}") = "Project2", "Chapter6\Project2\Project2.vcxproj", "{BFCD3360-5A9D-431A-8128-23BA46A44CAD}"
EndProject
Project("{8BC9CEB8-8B4A-11D0-8D11-00A0C91BC942}") = "Project3", "Chapter6\Project3\Project3.vcxproj", "{2E0079B0-7938-4C73-8881-DCFDFCB0FE1E}"
EndProject
Project("{8BC9CEB8-8B4A-11D0-8D11-00A0C91BC942}") = "Project4", "Chapter6\Project4\Project4.vcxproj", "{A39B818E-5682-43D1-9BDD-4A9D13D7387A}"
EndProject
Project("{8BC9CEB8-8B4A-11D0-8D11-00A0C91BC942}") = "Project5", "Chapter6\Project5\Project5.vcxproj", "{C181F753-3A49-43BE-AA8B-FBA12AB8752A}"
EndProject
Project("{8BC9CEB8-8B4A-11D0-8D11-00A0C91BC942}") = "Project6", "Chapter6\Project6\Project6.vcxproj", "{9642B29E-01C2-419A-9568-B657A228BC27}"
EndProject
Project("{8BC9CEB8-8B4A-11D0-8D11-00A0C91BC942}") = "Project7", "Chapter6\Project7\Project7.vcxproj", "{62CDAAAA-D6C7-47DC-8C4D-ADF96A88286F}"
EndProject
Project("{2150E333-8FDC-42A3-9474-1A3956D46DE8}") = "Chapter7", "Chapter7", "{C15F40DC-700D-4CFF-A95B-EB6060FAA5FD}"
EndProject
Project("{8BC9CEB8-8B4A-11D0-8D11-00A0C91BC942}") = "Project1", "Chapter7\Project1\Project1.vcxproj", "{588EF23D-00F5-49FA-8A35-15952E02C484}"
EndProject
Project("{8BC9CEB8-8B4A-11D0-8D11-00A0C91BC942}") = "Project2", "Chapter7\Project2\Project2.vcxproj", "{0270F5D2-16F6-47CA-8A43-1DA900BB6A27}"
EndProject
Global
	GlobalSection(SolutionConfigurationPlatforms) = preSolution
		Debug|x64 = Debug|x64
		Debug|x86 = Debug|x86
		Release|x64 = Release|x64
		Release|x86 = Release|x86
	EndGlobalSection
	GlobalSection(ProjectConfigurationPlatforms) = postSolution
		{7F58807E-5203-43A0-B027-583FC3D1D494}.Debug|x64.ActiveCfg = Debug|x64
		{7F58807E-5203-43A0-B027-583FC3D1D494}.Debug|x64.Build.0 = Debug|x64
		{7F58807E-5203-43A0-B027-583FC3D1D494}.Debug|x86.ActiveCfg = Debug|Win32
		{7F58807E-5203-43A0-B027-583FC3D1D494}.Debug|x86.Build.0 = Debug|Win32
		{7F58807E-5203-43A0-B027-583FC3D1D494}.Release|x64.ActiveCfg = Release|x64
		{7F58807E-5203-43A0-B027-583FC3D1D494}.Release|x64.Build.0 = Release|x64
		{7F58807E-5203-43A0-B027-583FC3D1D494}.Release|x86.ActiveCfg = Release|Win32
		{7F58807E-5203-43A0-B027-583FC3D1D494}.Release|x86.Build.0 = Release|Win32
		{7C017801-658E-4154-A757-C391C5EA160E}.Debug|x64.ActiveCfg = Debug|x64
		{7C017801-658E-4154-A757-C391C5EA160E}.Debug|x64.Build.0 = Debug|x64
		{7C017801-658E-4154-A757-C391C5EA160E}.Debug|x86.ActiveCfg = Debug|Win32
		{7C017801-658E-4154-A757-C391C5EA160E}.Debug|x86.Build.0 = Debug|Win32
		{7C017801-658E-4154-A757-C391C5EA160E}.Release|x64.ActiveCfg = Release|x64
		{7C017801-658E-4154-A757-C391C5EA160E}.Release|x64.Build.0 = Release|x64
		{7C017801-658E-4154-A757-C391C5EA160E}.Release|x86.ActiveCfg = Release|Win32
		{7C017801-658E-4154-A757-C391C5EA160E}.Release|x86.Build.0 = Release|Win32
		{7E33AE62-3C5B-433A-A36B-2AD1D855FA7C}.Debug|x64.ActiveCfg = Debug|x64
		{7E33AE62-3C5B-433A-A36B-2AD1D855FA7C}.Debug|x64.Build.0 = Debug|x64
		{7E33AE62-3C5B-433A-A36B-2AD1D855FA7C}.Debug|x86.ActiveCfg = Debug|Win32
		{7E33AE62-3C5B-433A-A36B-2AD1D855FA7C}.Debug|x86.Build.0 = Debug|Win32
		{7E33AE62-3C5B-433A-A36B-2AD1D855FA7C}.Release|x64.ActiveCfg = Release|x64
		{7E33AE62-3C5B-433A-A36B-2AD1D855FA7C}.Release|x64.Build.0 = Release|x64
		{7E33AE62-3C5B-433A-A36B-2AD1D855FA7C}.Release|x86.ActiveCfg = Release|Win32
		{7E33AE62-3C5B-433A-A36B-2AD1D855FA7C}.Release|x86.Build.0 = Release|Win32
		{743506D5-706A-40D6-AB00-D2295801B674}.Debug|x64.ActiveCfg = Debug|x64
		{743506D5-706A-40D6-AB00-D2295801B674}.Debug|x64.Build.0 = Debug|x64
		{743506D5-706A-40D6-AB00-D2295801B674}.Debug|x86.ActiveCfg = Debug|Win32
		{743506D5-706A-40D6-AB00-D2295801B674}.Debug|x86.Build.0 = Debug|Win32
		{743506D5-706A-40D6-AB00-D2295801B674}.Release|x64.ActiveCfg = Release|x64
		{743506D5-706A-40D6-AB00-D2295801B674}.Release|x64.Build.0 = Release|x64
		{743506D5-706A-40D6-AB00-D2295801B674}.Release|x86.ActiveCfg = Release|Win32
		{743506D5-706A-40D6-AB00-D2295801B674}.Release|x86.Build.0 = Release|Win32
		{49032170-A3B4-4FD1-8D58-035FDA56D1F0}.Debug|x64.ActiveCfg = Debug|x64
		{49032170-A3B4-4FD1-8D58-035FDA56D1F0}.Debug|x64.Build.0 = Debug|x64
		{49032170-A3B4-4FD1-8D58-035FDA56D1F0}.Debug|x86.ActiveCfg = Debug|Win32
		{49032170-A3B4-4FD1-8D58-035FDA56D1F0}.Debug|x86.Build.0 = Debug|Win32
		{49032170-A3B4-4FD1-8D58-035FDA56D1F0}.Release|x64.ActiveCfg = Release|x64
		{49032170-A3B4-4FD1-8D58-035FDA56D1F0}.Release|x64.Build.0 = Release|x64
		{49032170-A3B4-4FD1-8D58-035FDA56D1F0}.Release|x86.ActiveCfg = Release|Win32
		{49032170-A3B4-4FD1-8D58-035FDA56D1F0}.Release|x86.Build.0 = Release|Win32
		{FE8F05F2-86A1-458D-897F-DE83C1069072}.Debug|x64.ActiveCfg = Debug|x64
		{FE8F05F2-86A1-458D-897F-DE83C1069072}.Debug|x64.Build.0 = Debug|x64
		{FE8F05F2-86A1-458D-897F-DE83C1069072}.Debug|x86.ActiveCfg = Debug|Win32
		{FE8F05F2-86A1-458D-897F-DE83C1069072}.Debug|x86.Build.0 = Debug|Win32
		{FE8F05F2-86A1-458D-897F-DE83C1069072}.Release|x64.ActiveCfg = Release|x64
		{FE8F05F2-86A1-458D-897F-DE83C1069072}.Release|x64.Build.0 = Release|x64
		{FE8F05F2-86A1-458D-897F-DE83C1069072}.Release|x86.ActiveCfg = Release|Win32
		{FE8F05F2-86A1-458D-897F-DE83C1069072}.Release|x86.Build.0 = Release|Win32
		{DBCBC89C-57FC-4CAA-8653-777FB3DC62C8}.Debug|x64.ActiveCfg = Debug|x64
		{DBCBC89C-57FC-4CAA-8653-777FB3DC62C8}.Debug|x64.Build.0 = Debug|x64
		{DBCBC89C-57FC-4CAA-8653-777FB3DC62C8}.Debug|x86.ActiveCfg = Debug|Win32
		{DBCBC89C-57FC-4CAA-8653-777FB3DC62C8}.Debug|x86.Build.0 = Debug|Win32
		{DBCBC89C-57FC-4CAA-8653-777FB3DC62C8}.Release|x64.ActiveCfg = Release|x64
		{DBCBC89C-57FC-4CAA-8653-777FB3DC62C8}.Release|x64.Build.0 = Release|x64
		{DBCBC89C-57FC-4CAA-8653-777FB3DC62C8}.Release|x86.ActiveCfg = Release|Win32
		{DBCBC89C-57FC-4CAA-8653-777FB3DC62C8}.Release|x86.Build.0 = Release|Win32
		{DF64F641-4A9A-40F6-A6FF-A9BC5ED8F4B9}.Debug|x64.ActiveCfg = Debug|x64
		{DF64F641-4A9A-40F6-A6FF-A9BC5ED8F4B9}.Debug|x64.Build.0 = Debug|x64
		{DF64F641-4A9A-40F6-A6FF-A9BC5ED8F4B9}.Debug|x86.ActiveCfg = Debug|Win32
		{DF64F641-4A9A-40F6-A6FF-A9BC5ED8F4B9}.Debug|x86.Build.0 = Debug|Win32
		{DF64F641-4A9A-40F6-A6FF-A9BC5ED8F4B9}.Release|x64.ActiveCfg = Release|x64
		{DF64F641-4A9A-40F6-A6FF-A9BC5ED8F4B9}.Release|x64.Build.0 = Release|x64
		{DF64F641-4A9A-40F6-A6FF-A9BC5ED8F4B9}.Release|x86.ActiveCfg = Release|Win32
		{DF64F641-4A9A-40F6-A6FF-A9BC5ED8F4B9}.Release|x86.Build.0 = Release|Win32
		{6B368331-BD6B-4A29-8351-9C2CAA8BEAAA}.Debug|x64.ActiveCfg = Debug|x64
		{6B368331-BD6B-4A29-8351-9C2CAA8BEAAA}.Debug|x64.Build.0 = Debug|x64
		{6B368331-BD6B-4A29-8351-9C2CAA8BEAAA}.Debug|x86.ActiveCfg = Debug|Win32
		{6B368331-BD6B-4A29-8351-9C2CAA8BEAAA}.Debug|x86.Build.0 = Debug|Win32
		{6B368331-BD6B-4A29-8351-9C2CAA8BEAAA}.Release|x64.ActiveCfg = Release|x64
		{6B368331-BD6B-4A29-8351-9C2CAA8BEAAA}.Release|x64.Build.0 = Release|x64
		{6B368331-BD6B-4A29-8351-9C2CAA8BEAAA}.Release|x86.ActiveCfg = Release|Win32
		{6B368331-BD6B-4A29-8351-9C2CAA8BEAAA}.Release|x86.Build.0 = Release|Win32
		{F8C748BD-D3A6-4B55-846D-3D9D70A5EBB4}.Debug|x64.ActiveCfg = Debug|x64
		{F8C748BD-D3A6-4B55-846D-3D9D70A5EBB4}.Debug|x64.Build.0 = Debug|x64
		{F8C748BD-D3A6-4B55-846D-3D9D70A5EBB4}.Debug|x86.ActiveCfg = Debug|Win32
		{F8C748BD-D3A6-4B55-846D-3D9D70A5EBB4}.Debug|x86.Build.0 = Debug|Win32
		{F8C748BD-D3A6-4B55-846D-3D9D70A5EBB4}.Release|x64.ActiveCfg = Release|x64
		{F8C748BD-D3A6-4B55-846D-3D9D70A5EBB4}.Release|x64.Build.0 = Release|x64
		{F8C748BD-D3A6-4B55-846D-3D9D70A5EBB4}.Release|x86.ActiveCfg = Release|Win32
		{F8C748BD-D3A6-4B55-846D-3D9D70A5EBB4}.Release|x86.Build.0 = Release|Win32
		{E7A57CE5-7C67-47B4-ACDE-11034D029734}.Debug|x64.ActiveCfg = Debug|x64
		{E7A57CE5-7C67-47B4-ACDE-11034D029734}.Debug|x64.Build.0 = Debug|x64
		{E7A57CE5-7C67-47B4-ACDE-11034D029734}.Debug|x86.ActiveCfg = Debug|Win32
		{E7A57CE5-7C67-47B4-ACDE-11034D029734}.Debug|x86.Build.0 = Debug|Win32
		{E7A57CE5-7C67-47B4-ACDE-11034D029734}.Release|x64.ActiveCfg = Release|x64
		{E7A57CE5-7C67-47B4-ACDE-11034D029734}.Release|x64.Build.0 = Release|x64
		{E7A57CE5-7C67-47B4-ACDE-11034D029734}.Release|x86.ActiveCfg = Release|Win32
		{E7A57CE5-7C67-47B4-ACDE-11034D029734}.Release|x86.Build.0 = Release|Win32
		{BA161C56-47FC-4C78-B221-47100892AEF0}.Debug|x64.ActiveCfg = Debug|x64
		{BA161C56-47FC-4C78-B221-47100892AEF0}.Debug|x64.Build.0 = Debug|x64
		{BA161C56-47FC-4C78-B221-47100892AEF0}.Debug|x86.ActiveCfg = Debug|Win32
		{BA161C56-47FC-4C78-B221-47100892AEF0}.Debug|x86.Build.0 = Debug|Win32
		{BA161C56-47FC-4C78-B221-47100892AEF0}.Release|x64.ActiveCfg = Release|x64
		{BA161C56-47FC-4C78-B221-47100892AEF0}.Release|x64.Build.0 = Release|x64
		{BA161C56-47FC-4C78-B221-47100892AEF0}.Release|x86.ActiveCfg = Release|Win32
		{BA161C56-47FC-4C78-B221-47100892AEF0}.Release|x86.Build.0 = Release|Win32
		{EF578CA3-3AE8-4CCA-A377-ED217F48B281}.Debug|x64.ActiveCfg = Debug|x64
		{EF578CA3-3AE8-4CCA-A377-ED217F48B281}.Debug|x64.Build.0 = Debug|x64
		{EF578CA3-3AE8-4CCA-A377-ED217F48B281}.Debug|x86.ActiveCfg = Debug|Win32
		{EF578CA3-3AE8-4CCA-A377-ED217F48B281}.Debug|x86.Build.0 = Debug|Win32
		{EF578CA3-3AE8-4CCA-A377-ED217F48B281}.Release|x64.ActiveCfg = Release|x64
		{EF578CA3-3AE8-4CCA-A377-ED217F48B281}.Release|x64.Build.0 = Release|x64
		{EF578CA3-3AE8-4CCA-A377-ED217F48B281}.Release|x86.ActiveCfg = Release|Win32
		{EF578CA3-3AE8-4CCA-A377-ED217F48B281}.Release|x86.Build.0 = Release|Win32
		{CC15A2F9-B6E8-4008-9C70-4B9281A349FA}.Debug|x64.ActiveCfg = Debug|x64
		{CC15A2F9-B6E8-4008-9C70-4B9281A349FA}.Debug|x64.Build.0 = Debug|x64
		{CC15A2F9-B6E8-4008-9C70-4B9281A349FA}.Debug|x86.ActiveCfg = Debug|Win32
		{CC15A2F9-B6E8-4008-9C70-4B9281A349FA}.Debug|x86.Build.0 = Debug|Win32
		{CC15A2F9-B6E8-4008-9C70-4B9281A349FA}.Release|x64.ActiveCfg = Release|x64
		{CC15A2F9-B6E8-4008-9C70-4B9281A349FA}.Release|x64.Build.0 = Release|x64
		{CC15A2F9-B6E8-4008-9C70-4B9281A349FA}.Release|x86.ActiveCfg = Release|Win32
		{CC15A2F9-B6E8-4008-9C70-4B9281A349FA}.Release|x86.Build.0 = Release|Win32
		{75F0DD94-0A05-4625-8565-B8D909959FF3}.Debug|x64.ActiveCfg = Debug|x64
		{75F0DD94-0A05-4625-8565-B8D909959FF3}.Debug|x64.Build.0 = Debug|x64
		{75F0DD94-0A05-4625-8565-B8D909959FF3}.Debug|x86.ActiveCfg = Debug|Win32
		{75F0DD94-0A05-4625-8565-B8D909959FF3}.Debug|x86.Build.0 = Debug|Win32
		{75F0DD94-0A05-4625-8565-B8D909959FF3}.Release|x64.ActiveCfg = Release|x64
		{75F0DD94-0A05-4625-8565-B8D909959FF3}.Release|x64.Build.0 = Release|x64
		{75F0DD94-0A05-4625-8565-B8D909959FF3}.Release|x86.ActiveCfg = Release|Win32
		{75F0DD94-0A05-4625-8565-B8D909959FF3}.Release|x86.Build.0 = Release|Win32
		{1A592ADA-4367-4F9D-8140-5BBF7C08B986}.Debug|x64.ActiveCfg = Debug|x64
		{1A592ADA-4367-4F9D-8140-5BBF7C08B986}.Debug|x64.Build.0 = Debug|x64
		{1A592ADA-4367-4F9D-8140-5BBF7C08B986}.Debug|x86.ActiveCfg = Debug|Win32
		{1A592ADA-4367-4F9D-8140-5BBF7C08B986}.Debug|x86.Build.0 = Debug|Win32
		{1A592ADA-4367-4F9D-8140-5BBF7C08B986}.Release|x64.ActiveCfg = Release|x64
		{1A592ADA-4367-4F9D-8140-5BBF7C08B986}.Release|x64.Build.0 = Release|x64
		{1A592ADA-4367-4F9D-8140-5BBF7C08B986}.Release|x86.ActiveCfg = Release|Win32
		{1A592ADA-4367-4F9D-8140-5BBF7C08B986}.Release|x86.Build.0 = Release|Win32
		{4D222EA7-FC22-45D3-89F8-518FAA39D693}.Debug|x64.ActiveCfg = Debug|x64
		{4D222EA7-FC22-45D3-89F8-518FAA39D693}.Debug|x64.Build.0 = Debug|x64
		{4D222EA7-FC22-45D3-89F8-518FAA39D693}.Debug|x86.ActiveCfg = Debug|Win32
		{4D222EA7-FC22-45D3-89F8-518FAA39D693}.Debug|x86.Build.0 = Debug|Win32
		{4D222EA7-FC22-45D3-89F8-518FAA39D693}.Release|x64.ActiveCfg = Release|x64
		{4D222EA7-FC22-45D3-89F8-518FAA39D693}.Release|x64.Build.0 = Release|x64
		{4D222EA7-FC22-45D3-89F8-518FAA39D693}.Release|x86.ActiveCfg = Release|Win32
		{4D222EA7-FC22-45D3-89F8-518FAA39D693}.Release|x86.Build.0 = Release|Win32
		{6A077497-C89A-4D9A-88C4-1D81F2860422}.Debug|x64.ActiveCfg = Debug|x64
		{6A077497-C89A-4D9A-88C4-1D81F2860422}.Debug|x64.Build.0 = Debug|x64
		{6A077497-C89A-4D9A-88C4-1D81F2860422}.Debug|x86.ActiveCfg = Debug|Win32
		{6A077497-C89A-4D9A-88C4-1D81F2860422}.Debug|x86.Build.0 = Debug|Win32
		{6A077497-C89A-4D9A-88C4-1D81F2860422}.Release|x64.ActiveCfg = Release|x64
		{6A077497-C89A-4D9A-88C4-1D81F2860422}.Release|x64.Build.0 = Release|x64
		{6A077497-C89A-4D9A-88C4-1D81F2860422}.Release|x86.ActiveCfg = Release|Win32
		{6A077497-C89A-4D9A-88C4-1D81F2860422}.Release|x86.Build.0 = Release|Win32
		{71397969-6287-466E-B989-58AF99F75BF2}.Debug|x64.ActiveCfg = Debug|x64
		{71397969-6287-466E-B989-58AF99F75BF2}.Debug|x64.Build.0 = Debug|x64
		{71397969-6287-466E-B989-58AF99F75BF2}.Debug|x86.ActiveCfg = Debug|Win32
		{71397969-6287-466E-B989-58AF99F75BF2}.Debug|x86.Build.0 = Debug|Win32
		{71397969-6287-466E-B989-58AF99F75BF2}.Release|x64.ActiveCfg = Release|x64
		{71397969-6287-466E-B989-58AF99F75BF2}.Release|x64.Build.0 = Release|x64
		{71397969-6287-466E-B989-58AF99F75BF2}.Release|x86.ActiveCfg = Release|Win32
		{71397969-6287-466E-B989-58AF99F75BF2}.Release|x86.Build.0 = Release|Win32
		{840A31F5-A50D-4441-ABA8-1CD409A4D559}.Debug|x64.ActiveCfg = Debug|x64
		{840A31F5-A50D-4441-ABA8-1CD409A4D559}.Debug|x64.Build.0 = Debug|x64
		{840A31F5-A50D-4441-ABA8-1CD409A4D559}.Debug|x86.ActiveCfg = Debug|Win32
		{840A31F5-A50D-4441-ABA8-1CD409A4D559}.Debug|x86.Build.0 = Debug|Win32
		{840A31F5-A50D-4441-ABA8-1CD409A4D559}.Release|x64.ActiveCfg = Release|x64
		{840A31F5-A50D-4441-ABA8-1CD409A4D559}.Release|x64.Build.0 = Release|x64
		{840A31F5-A50D-4441-ABA8-1CD409A4D559}.Release|x86.ActiveCfg = Release|Win32
		{840A31F5-A50D-4441-ABA8-1CD409A4D559}.Release|x86.Build.0 = Release|Win32
		{A51C430C-24D9-4F34-88FB-F2481112A5F1}.Debug|x64.ActiveCfg = Debug|x64
		{A51C430C-24D9-4F34-88FB-F2481112A5F1}.Debug|x64.Build.0 = Debug|x64
		{A51C430C-24D9-4F34-88FB-F2481112A5F1}.Debug|x86.ActiveCfg = Debug|Win32
		{A51C430C-24D9-4F34-88FB-F2481112A5F1}.Debug|x86.Build.0 = Debug|Win32
		{A51C430C-24D9-4F34-88FB-F2481112A5F1}.Release|x64.ActiveCfg = Release|x64
		{A51C430C-24D9-4F34-88FB-F2481112A5F1}.Release|x64.Build.0 = Release|x64
		{A51C430C-24D9-4F34-88FB-F2481112A5F1}.Release|x86.ActiveCfg = Release|Win32
		{A51C430C-24D9-4F34-88FB-F2481112A5F1}.Release|x86.Build.0 = Release|Win32
		{BFCD3360-5A9D-431A-8128-23BA46A44CAD}.Debug|x64.ActiveCfg = Debug|x64
		{BFCD3360-5A9D-431A-8128-23BA46A44CAD}.Debug|x64.Build.0 = Debug|x64
		{BFCD3360-5A9D-431A-8128-23BA46A44CAD}.Debug|x86.ActiveCfg = Debug|Win32
		{BFCD3360-5A9D-431A-8128-23BA46A44CAD}.Debug|x86.Build.0 = Debug|Win32
		{BFCD3360-5A9D-431A-8128-23BA46A44CAD}.Release|x64.ActiveCfg = Release|x64
		{BFCD3360-5A9D-431A-8128-23BA46A44CAD}.Release|x64.Build.0 = Release|x64
		{BFCD3360-5A9D-431A-8128-23BA46A44CAD}.Release|x86.ActiveCfg = Release|Win32
		{BFCD3360-5A9D-431A-8128-23BA46A44CAD}.Release|x86.Build.0 = Release|Win32
		{2E0079B0-7938-4C73-8881-DCFDFCB0FE1E}.Debug|x64.ActiveCfg = Debug|x64
		{2E0079B0-7938-4C73-8881-DCFDFCB0FE1E}.Debug|x64.Build.0 = Debug|x64
		{2E0079B0-7938-4C73-8881-DCFDFCB0FE1E}.Debug|x86.ActiveCfg = Debug|Win32
		{2E0079B0-7938-4C73-8881-DCFDFCB0FE1E}.Debug|x86.Build.0 = Debug|Win32
		{2E0079B0-7938-4C73-8881-DCFDFCB0FE1E}.Release|x64.ActiveCfg = Release|x64
		{2E0079B0-7938-4C73-8881-DCFDFCB0FE1E}.Release|x64.Build.0 = Release|x64
		{2E0079B0-7938-4C73-8881-DCFDFCB0FE1E}.Release|x86.ActiveCfg = Release|Win32
		{2E0079B0-7938-4C73-8881-DCFDFCB0FE1E}.Release|x86.Build.0 = Release|Win32
		{A39B818E-5682-43D1-9BDD-4A9D13D7387A}.Debug|x64.ActiveCfg = Debug|x64
		{A39B818E-5682-43D1-9BDD-4A9D13D7387A}.Debug|x64.Build.0 = Debug|x64
		{A39B818E-5682-43D1-9BDD-4A9D13D7387A}.Debug|x86.ActiveCfg = Debug|Win32
		{A39B818E-5682-43D1-9BDD-4A9D13D7387A}.Debug|x86.Build.0 = Debug|Win32
		{A39B818E-5682-43D1-9BDD-4A9D13D7387A}.Release|x64.ActiveCfg = Release|x64
		{A39B818E-5682-43D1-9BDD-4A9D13D7387A}.Release|x64.Build.0 = Release|x64
		{A39B818E-5682-43D1-9BDD-4A9D13D7387A}.Release|x86.ActiveCfg = Release|Win32
		{A39B818E-5682-43D1-9BDD-4A9D13D7387A}.Release|x86.Build.0 = Release|Win32
		{C181F753-3A49-43BE-AA8B-FBA12AB8752A}.Debug|x64.ActiveCfg = Debug|x64
		{C181F753-3A49-43BE-AA8B-FBA12AB8752A}.Debug|x64.Build.0 = Debug|x64
		{C181F753-3A49-43BE-AA8B-FBA12AB8752A}.Debug|x86.ActiveCfg = Debug|Win32
		{C181F753-3A49-43BE-AA8B-FBA12AB8752A}.Debug|x86.Build.0 = Debug|Win32
		{C181F753-3A49-43BE-AA8B-FBA12AB8752A}.Release|x64.ActiveCfg = Release|x64
		{C181F753-3A49-43BE-AA8B-FBA12AB8752A}.Release|x64.Build.0 = Release|x64
		{C181F753-3A49-43BE-AA8B-FBA12AB8752A}.Release|x86.ActiveCfg = Release|Win32
		{C181F753-3A49-43BE-AA8B-FBA12AB8752A}.Release|x86.Build.0 = Release|Win32
		{9642B29E-01C2-419A-9568-B657A228BC27}.Debug|x64.ActiveCfg = Debug|x64
		{9642B29E-01C2-419A-9568-B657A228BC27}.Debug|x64.Build.0 = Debug|x64
		{9642B29E-01C2-419A-9568-B657A228BC27}.Debug|x86.ActiveCfg = Debug|Win32
		{9642B29E-01C2-419A-9568-B657A228BC27}.Debug|x86.Build.0 = Debug|Win32
		{9642B29E-01C2-419A-9568-B657A228BC27}.Release|x64.ActiveCfg = Release|x64
		{9642B29E-01C2-419A-9568-B657A228BC27}.Release|x64.Build.0 = Release|x64
		{9642B29E-01C2-419A-9568-B657A228BC27}.Release|x86.ActiveCfg = Release|Win32
		{9642B29E-01C2-419A-9568-B657A228BC27}.Release|x86.Build.0 = Release|Win32
		{62CDAAAA-D6C7-47DC-8C4D-ADF96A88286F}.Debug|x64.ActiveCfg = Debug|x64
		{62CDAAAA-D6C7-47DC-8C4D-ADF96A88286F}.Debug|x64.Build.0 = Debug|x64
		{62CDAAAA-D6C7-47DC-8C4D-ADF96A88286F}.Debug|x86.ActiveCfg = Debug|Win32
		{62CDAAAA-D6C7-47DC-8C4D-ADF96A88286F}.Debug|x86.Build.0 = Debug|Win32
		{62CDAAAA-D6C7-47DC-8C4D-ADF96A88286F}.Release|x64.ActiveCfg = Release|x64
		{62CDAAAA-D6C7-47DC-8C4D-ADF96A88286F}.Release|x64.Build.0 = Release|x64
		{62CDAAAA-D6C7-47DC-8C4D-ADF96A88286F}.Release|x86.ActiveCfg = Release|Win32
		{62CDAAAA-D6C7-47DC-8C4D-ADF96A88286F}.Release|x86.Build.0 = Release|Win32
		{588EF23D-00F5-49FA-8A35-15952E02C484}.Debug|x64.ActiveCfg = Debug|x64
		{588EF23D-00F5-49FA-8A35-15952E02C484}.Debug|x64.Build.0 = Debug|x64
		{588EF23D-00F5-49FA-8A35-15952E02C484}.Debug|x86.ActiveCfg = Debug|Win32
		{588EF23D-00F5-49FA-8A35-15952E02C484}.Debug|x86.Build.0 = Debug|Win32
		{588EF23D-00F5-49FA-8A35-15952E02C484}.Release|x64.ActiveCfg = Release|x64
		{588EF23D-00F5-49FA-8A35-15952E02C484}.Release|x64.Build.0 = Release|x64
		{588EF23D-00F5-49FA-8A35-15952E02C484}.Release|x86.ActiveCfg = Release|Win32
		{588EF23D-00F5-49FA-8A35-15952E02C484}.Release|x86.Build.0 = Release|Win32
		{0270F5D2-16F6-47CA-8A43-1DA900BB6A27}.Debug|x64.ActiveCfg = Debug|x64
		{0270F5D2-16F6-47CA-8A43-1DA900BB6A27}.Debug|x64.Build.0 = Debug|x64
		{0270F5D2-16F6-47CA-8A43-1DA900BB6A27}.Debug|x86.ActiveCfg = Debug|Win32
		{0270F5D2-16F6-47CA-8A43-1DA900BB6A27}.Debug|x86.Build.0 = Debug|Win32
		{0270F5D2-16F6-47CA-8A43-1DA900BB6A27}.Release|x64.ActiveCfg = Release|x64
		{0270F5D2-16F6-47CA-8A43-1DA900BB6A27}.Release|x64.Build.0 = Release|x64
		{0270F5D2-16F6-47CA-8A43-1DA900BB6A27}.Release|x86.ActiveCfg = Release|Win32
		{0270F5D2-16F6-47CA-8A43-1DA900BB6A27}.Release|x86.Build.0 = Release|Win32
	EndGlobalSection
	GlobalSection(SolutionProperties) = preSolution
		HideSolutionNode = FALSE
	EndGlobalSection
	GlobalSection(NestedProjects) = preSolution
		{7F58807E-5203-43A0-B027-583FC3D1D494} = {411D4DA5-67D8-4E15-B5A2-BAD8D365FABF}
		{7C017801-658E-4154-A757-C391C5EA160E} = {411D4DA5-67D8-4E15-B5A2-BAD8D365FABF}
		{7E33AE62-3C5B-433A-A36B-2AD1D855FA7C} = {411D4DA5-67D8-4E15-B5A2-BAD8D365FABF}
		{743506D5-706A-40D6-AB00-D2295801B674} = {411D4DA5-67D8-4E15-B5A2-BAD8D365FABF}
		{49032170-A3B4-4FD1-8D58-035FDA56D1F0} = {411D4DA5-67D8-4E15-B5A2-BAD8D365FABF}
		{FE8F05F2-86A1-458D-897F-DE83C1069072} = {411D4DA5-67D8-4E15-B5A2-BAD8D365FABF}
		{DBCBC89C-57FC-4CAA-8653-777FB3DC62C8} = {C52476D4-8550-4670-AE2E-46EF72A0E1AE}
		{DF64F641-4A9A-40F6-A6FF-A9BC5ED8F4B9} = {C52476D4-8550-4670-AE2E-46EF72A0E1AE}
		{6B368331-BD6B-4A29-8351-9C2CAA8BEAAA} = {C52476D4-8550-4670-AE2E-46EF72A0E1AE}
		{F8C748BD-D3A6-4B55-846D-3D9D70A5EBB4} = {C52476D4-8550-4670-AE2E-46EF72A0E1AE}
		{E7A57CE5-7C67-47B4-ACDE-11034D029734} = {C52476D4-8550-4670-AE2E-46EF72A0E1AE}
		{BA161C56-47FC-4C78-B221-47100892AEF0} = {BE21D97F-D6FC-47CB-8D20-5E57E0D5B2BF}
		{EF578CA3-3AE8-4CCA-A377-ED217F48B281} = {BE21D97F-D6FC-47CB-8D20-5E57E0D5B2BF}
		{CC15A2F9-B6E8-4008-9C70-4B9281A349FA} = {BE21D97F-D6FC-47CB-8D20-5E57E0D5B2BF}
		{75F0DD94-0A05-4625-8565-B8D909959FF3} = {BE21D97F-D6FC-47CB-8D20-5E57E0D5B2BF}
		{1A592ADA-4367-4F9D-8140-5BBF7C08B986} = {BE21D97F-D6FC-47CB-8D20-5E57E0D5B2BF}
		{4D222EA7-FC22-45D3-89F8-518FAA39D693} = {BE21D97F-D6FC-47CB-8D20-5E57E0D5B2BF}
		{6A077497-C89A-4D9A-88C4-1D81F2860422} = {BE21D97F-D6FC-47CB-8D20-5E57E0D5B2BF}
		{71397969-6287-466E-B989-58AF99F75BF2} = {BE21D97F-D6FC-47CB-8D20-5E57E0D5B2BF}
		{840A31F5-A50D-4441-ABA8-1CD409A4D559} = {BE21D97F-D6FC-47CB-8D20-5E57E0D5B2BF}
		{A51C430C-24D9-4F34-88FB-F2481112A5F1} = {36AD6AFC-E6C1-461B-80C0-B969C5C535D4}
		{BFCD3360-5A9D-431A-8128-23BA46A44CAD} = {36AD6AFC-E6C1-461B-80C0-B969C5C535D4}
		{2E0079B0-7938-4C73-8881-DCFDFCB0FE1E} = {36AD6AFC-E6C1-461B-80C0-B969C5C535D4}
		{A39B818E-5682-43D1-9BDD-4A9D13D7387A} = {36AD6AFC-E6C1-461B-80C0-B969C5C535D4}
		{C181F753-3A49-43BE-AA8B-FBA12AB8752A} = {36AD6AFC-E6C1-461B-80C0-B969C5C535D4}
		{9642B29E-01C2-419A-9568-B657A228BC27} = {36AD6AFC-E6C1-461B-80C0-B969C5C535D4}
		{62CDAAAA-D6C7-47DC-8C4D-ADF96A88286F} = {36AD6AFC-E6C1-461B-80C0-B969C5C535D4}
		{588EF23D-00F5-49FA-8A35-15952E02C484} = {C15F40DC-700D-4CFF-A95B-EB6060FAA5FD}
		{0270F5D2-16F6-47CA-8A43-1DA900BB6A27} = {C15F40DC-700D-4CFF-A95B-EB6060FAA5FD}
	EndGlobalSection
	GlobalSection(ExtensibilityGlobals) = postSolution
		SolutionGuid = {F57DEFF2-E6A7-4DA4-A316-731CBB78F51B}
	EndGlobalSection
EndGlobal
